
Microsoft Visual Studio Solution File, Format Version 12.00
# Visual Studio Version 16
VisualStudioVersion = 16.0.29215.179
MinimumVisualStudioVersion = 10.0.40219.1
Project("{9A19103F-16F7-4668-BE54-9A1E7A4F7556}") = "Practical2", "Practical2\Practical2.csproj", "{FF8E7D30-E763-4598-B45F-DA939A78FC26}"
EndProject
Project("{FAE04EC0-301F-11D3-BF4B-00C04F79EFBC}") = "ontap", "ontap\ontap.csproj", "{2BA31B30-9B5A-40CC-B4DB-54B75747B9D9}"
EndProject
Global
	GlobalSection(SolutionConfigurationPlatforms) = preSolution
		Debug|Any CPU = Debug|Any CPU
		Release|Any CPU = Release|Any CPU
	EndGlobalSection
	GlobalSection(ProjectConfigurationPlatforms) = postSolution
		{FF8E7D30-E763-4598-B45F-DA939A78FC26}.Debug|Any CPU.ActiveCfg = Debug|Any CPU
		{FF8E7D30-E763-4598-B45F-DA939A78FC26}.Debug|Any CPU.Build.0 = Debug|Any CPU
		{FF8E7D30-E763-4598-B45F-DA939A78FC26}.Release|Any CPU.ActiveCfg = Release|Any CPU
		{FF8E7D30-E763-4598-B45F-DA939A78FC26}.Release|Any CPU.Build.0 = Release|Any CPU
		{2BA31B30-9B5A-40CC-B4DB-54B75747B9D9}.Debug|Any CPU.ActiveCfg = Debug|Any CPU
		{2BA31B30-9B5A-40CC-B4DB-54B75747B9D9}.Debug|Any CPU.Build.0 = Debug|Any CPU
		{2BA31B30-9B5A-40CC-B4DB-54B75747B9D9}.Release|Any CPU.ActiveCfg = Release|Any CPU
		{2BA31B30-9B5A-40CC-B4DB-54B75747B9D9}.Release|Any CPU.Build.0 = Release|Any CPU
	EndGlobalSection
	GlobalSection(SolutionProperties) = preSolution
		HideSolutionNode = FALSE
	EndGlobalSection
	GlobalSection(ExtensibilityGlobals) = postSolution
		SolutionGuid = {080EDC04-33CC-484F-9866-AD2B5F936688}
	EndGlobalSection
EndGlobal
