
Microsoft Visual Studio Solution File, Format Version 12.00
# Visual Studio Version 16
VisualStudioVersion = 16.0.29215.179
MinimumVisualStudioVersion = 10.0.40219.1
Project("{FAE04EC0-301F-11D3-BF4B-00C04F79EFBC}") = "coban1", "coban1\coban1.csproj", "{288EEF6B-ECB0-40A6-B020-A3A0B4EFA88B}"
EndProject
Global
	GlobalSection(SolutionConfigurationPlatforms) = preSolution
		Debug|Any CPU = Debug|Any CPU
		Release|Any CPU = Release|Any CPU
	EndGlobalSection
	GlobalSection(ProjectConfigurationPlatforms) = postSolution
		{288EEF6B-ECB0-40A6-B020-A3A0B4EFA88B}.Debug|Any CPU.ActiveCfg = Debug|Any CPU
		{288EEF6B-ECB0-40A6-B020-A3A0B4EFA88B}.Debug|Any CPU.Build.0 = Debug|Any CPU
		{288EEF6B-ECB0-40A6-B020-A3A0B4EFA88B}.Release|Any CPU.ActiveCfg = Release|Any CPU
		{288EEF6B-ECB0-40A6-B020-A3A0B4EFA88B}.Release|Any CPU.Build.0 = Release|Any CPU
	EndGlobalSection
	GlobalSection(SolutionProperties) = preSolution
		HideSolutionNode = FALSE
	EndGlobalSection
	GlobalSection(ExtensibilityGlobals) = postSolution
		SolutionGuid = {FD520A58-3C7C-4663-AF87-1F76BDF6C950}
	EndGlobalSection
EndGlobal
